Microsoft Visual Studio Solution File, Format Version 12.00
# Visual Studio Version 17
VisualStudioVersion = 17.5.2.0
MinimumVisualStudioVersion = 10.0.40219.1
Project("{FAE04EC0-301F-11D3-BF4B-00C04F79EFBC}") = "ielts-master", "ielts-master.csproj", "{90D11100-BEF9-F4CD-174C-C3DF0CAAC181}"
EndProject
Global
	GlobalSection(SolutionConfigurationPlatforms) = preSolution
		Debug|Any CPU = Debug|Any CPU
		Release|Any CPU = Release|Any CPU
	EndGlobalSection
	GlobalSection(ProjectConfigurationPlatforms) = postSolution
		{90D11100-BEF9-F4CD-174C-C3DF0CAAC181}.Debug|Any CPU.ActiveCfg = Debug|Any CPU
		{90D11100-BEF9-F4CD-174C-C3DF0CAAC181}.Debug|Any CPU.Build.0 = Debug|Any CPU
		{90D11100-BEF9-F4CD-174C-C3DF0CAAC181}.Release|Any CPU.ActiveCfg = Release|Any CPU
		{90D11100-BEF9-F4CD-174C-C3DF0CAAC181}.Release|Any CPU.Build.0 = Release|Any CPU
	EndGlobalSection
	GlobalSection(SolutionProperties) = preSolution
		HideSolutionNode = FALSE
	EndGlobalSection
	GlobalSection(ExtensibilityGlobals) = postSolution
		SolutionGuid = {A3181CE9-0667-467D-80E9-BF1F5C60E937}
	EndGlobalSection
EndGlobal
